
Microsoft Visual Studio Solution File, Format Version 12.00
# Visual Studio Version 16
VisualStudioVersion = 16.0.31019.35
MinimumVisualStudioVersion = 10.0.40219.1
Project("{FAE04EC0-301F-11D3-BF4B-00C04F79EFBC}") = "Sora.Command", "Sora.Command\Sora.Command.csproj", "{42C44D94-5661-4D99-AE35-0AC372B42FA2}"
EndProject
Project("{FAE04EC0-301F-11D3-BF4B-00C04F79EFBC}") = "CommandTest", "CommandTest\CommandTest.csproj", "{AD36E9EB-5EEC-44E5-A48D-5B7C93CA875A}"
EndProject
Global
	GlobalSection(SolutionConfigurationPlatforms) = preSolution
		Debug|Any CPU = Debug|Any CPU
		Release|Any CPU = Release|Any CPU
	EndGlobalSection
	GlobalSection(ProjectConfigurationPlatforms) = postSolution
		{42C44D94-5661-4D99-AE35-0AC372B42FA2}.Debug|Any CPU.ActiveCfg = Debug|Any CPU
		{42C44D94-5661-4D99-AE35-0AC372B42FA2}.Debug|Any CPU.Build.0 = Debug|Any CPU
		{42C44D94-5661-4D99-AE35-0AC372B42FA2}.Release|Any CPU.ActiveCfg = Release|Any CPU
		{42C44D94-5661-4D99-AE35-0AC372B42FA2}.Release|Any CPU.Build.0 = Release|Any CPU
		{AD36E9EB-5EEC-44E5-A48D-5B7C93CA875A}.Debug|Any CPU.ActiveCfg = Debug|Any CPU
		{AD36E9EB-5EEC-44E5-A48D-5B7C93CA875A}.Debug|Any CPU.Build.0 = Debug|Any CPU
		{AD36E9EB-5EEC-44E5-A48D-5B7C93CA875A}.Release|Any CPU.ActiveCfg = Release|Any CPU
		{AD36E9EB-5EEC-44E5-A48D-5B7C93CA875A}.Release|Any CPU.Build.0 = Release|Any CPU
	EndGlobalSection
	GlobalSection(SolutionProperties) = preSolution
		HideSolutionNode = FALSE
	EndGlobalSection
	GlobalSection(ExtensibilityGlobals) = postSolution
		SolutionGuid = {9E0870FB-3E76-49FB-AD5C-9F84B1658F45}
	EndGlobalSection
EndGlobal
